
Microsoft Visual Studio Solution File, Format Version 12.00
# Visual Studio Version 17
VisualStudioVersion = 17.0.32112.339
MinimumVisualStudioVersion = 10.0.40219.1
Project("{9A19103F-16F7-4668-BE54-9A1E7A4F7556}") = "EasyMeets.Notifier.WebAPI", "EasyMeets.Notifier\EasyMeets.Notifier.WebAPI\EasyMeets.Notifier.WebAPI.csproj", "{9309EFC0-B75C-40DC-84EE-BA5552D42395}"
EndProject
Project("{9A19103F-16F7-4668-BE54-9A1E7A4F7556}") = "EasyMeets.Core.WebAPI", "EasyMeets.Core\EasyMeets.Core.WebAPI\EasyMeets.Core.WebAPI.csproj", "{E4BFD95B-D026-4A5F-84F9-19A310A91B69}"
EndProject
Project("{9A19103F-16F7-4668-BE54-9A1E7A4F7556}") = "EasyMeets.Core.DAL", "EasyMeets.Core\EasyMeets.Core.DAL\EasyMeets.Core.DAL.csproj", "{78141C09-E3DD-4359-9D27-142DBB2213BF}"
EndProject
Project("{9A19103F-16F7-4668-BE54-9A1E7A4F7556}") = "EasyMeets.Core.Common", "EasyMeets.Core\EasyMeets.Core.Common\EasyMeets.Core.Common.csproj", "{3B4DF41D-27E8-4AF8-A8F1-0AABA31EBC4F}"
EndProject
Project("{9A19103F-16F7-4668-BE54-9A1E7A4F7556}") = "EasyMeets.Core.BLL", "EasyMeets.Core\EasyMeets.Core.BLL\EasyMeets.Core.BLL.csproj", "{8F0D139A-F528-4779-B6C5-DE311CC532FD}"
EndProject
Global
	GlobalSection(SolutionConfigurationPlatforms) = preSolution
		Debug|Any CPU = Debug|Any CPU
		Release|Any CPU = Release|Any CPU
	EndGlobalSection
	GlobalSection(ProjectConfigurationPlatforms) = postSolution
		{9309EFC0-B75C-40DC-84EE-BA5552D42395}.Debug|Any CPU.ActiveCfg = Debug|Any CPU
		{9309EFC0-B75C-40DC-84EE-BA5552D42395}.Debug|Any CPU.Build.0 = Debug|Any CPU
		{9309EFC0-B75C-40DC-84EE-BA5552D42395}.Release|Any CPU.ActiveCfg = Release|Any CPU
		{9309EFC0-B75C-40DC-84EE-BA5552D42395}.Release|Any CPU.Build.0 = Release|Any CPU
		{E4BFD95B-D026-4A5F-84F9-19A310A91B69}.Debug|Any CPU.ActiveCfg = Debug|Any CPU
		{E4BFD95B-D026-4A5F-84F9-19A310A91B69}.Debug|Any CPU.Build.0 = Debug|Any CPU
		{E4BFD95B-D026-4A5F-84F9-19A310A91B69}.Release|Any CPU.ActiveCfg = Release|Any CPU
		{E4BFD95B-D026-4A5F-84F9-19A310A91B69}.Release|Any CPU.Build.0 = Release|Any CPU
		{78141C09-E3DD-4359-9D27-142DBB2213BF}.Debug|Any CPU.ActiveCfg = Debug|Any CPU
		{78141C09-E3DD-4359-9D27-142DBB2213BF}.Debug|Any CPU.Build.0 = Debug|Any CPU
		{78141C09-E3DD-4359-9D27-142DBB2213BF}.Release|Any CPU.ActiveCfg = Release|Any CPU
		{78141C09-E3DD-4359-9D27-142DBB2213BF}.Release|Any CPU.Build.0 = Release|Any CPU
		{3B4DF41D-27E8-4AF8-A8F1-0AABA31EBC4F}.Debug|Any CPU.ActiveCfg = Debug|Any CPU
		{3B4DF41D-27E8-4AF8-A8F1-0AABA31EBC4F}.Debug|Any CPU.Build.0 = Debug|Any CPU
		{3B4DF41D-27E8-4AF8-A8F1-0AABA31EBC4F}.Release|Any CPU.ActiveCfg = Release|Any CPU
		{3B4DF41D-27E8-4AF8-A8F1-0AABA31EBC4F}.Release|Any CPU.Build.0 = Release|Any CPU
		{8F0D139A-F528-4779-B6C5-DE311CC532FD}.Debug|Any CPU.ActiveCfg = Debug|Any CPU
		{8F0D139A-F528-4779-B6C5-DE311CC532FD}.Debug|Any CPU.Build.0 = Debug|Any CPU
		{8F0D139A-F528-4779-B6C5-DE311CC532FD}.Release|Any CPU.ActiveCfg = Release|Any CPU
		{8F0D139A-F528-4779-B6C5-DE311CC532FD}.Release|Any CPU.Build.0 = Release|Any CPU
	EndGlobalSection
	GlobalSection(SolutionProperties) = preSolution
		HideSolutionNode = FALSE
	EndGlobalSection
	GlobalSection(ExtensibilityGlobals) = postSolution
		SolutionGuid = {D5F803EB-13E0-463F-B0E1-3E44A2D6F4B1}
	EndGlobalSection
EndGlobal
